
Microsoft Visual Studio Solution File, Format Version 12.00
# Visual Studio Version 16
VisualStudioVersion = 16.0.29613.14
MinimumVisualStudioVersion = 10.0.40219.1
Project("{9A19103F-16F7-4668-BE54-9A1E7A4F7556}") = "BinarySearch", "BinarySearch\BinarySearch.csproj", "{3B150D8A-7FB9-4932-99C9-5F238539C6B5}"
EndProject
Project("{FAE04EC0-301F-11D3-BF4B-00C04F79EFBC}") = "BinarySearch.UnitTests", "BinarySearch.UnitTests\BinarySearch.UnitTests.csproj", "{97D734D9-143B-4864-B24F-1F72AF298CA7}"
EndProject
Global
	GlobalSection(SolutionConfigurationPlatforms) = preSolution
		Debug|Any CPU = Debug|Any CPU
		Release|Any CPU = Release|Any CPU
	EndGlobalSection
	GlobalSection(ProjectConfigurationPlatforms) = postSolution
		{3B150D8A-7FB9-4932-99C9-5F238539C6B5}.Debug|Any CPU.ActiveCfg = Debug|Any CPU
		{3B150D8A-7FB9-4932-99C9-5F238539C6B5}.Debug|Any CPU.Build.0 = Debug|Any CPU
		{3B150D8A-7FB9-4932-99C9-5F238539C6B5}.Release|Any CPU.ActiveCfg = Release|Any CPU
		{3B150D8A-7FB9-4932-99C9-5F238539C6B5}.Release|Any CPU.Build.0 = Release|Any CPU
		{97D734D9-143B-4864-B24F-1F72AF298CA7}.Debug|Any CPU.ActiveCfg = Debug|Any CPU
		{97D734D9-143B-4864-B24F-1F72AF298CA7}.Debug|Any CPU.Build.0 = Debug|Any CPU
		{97D734D9-143B-4864-B24F-1F72AF298CA7}.Release|Any CPU.ActiveCfg = Release|Any CPU
		{97D734D9-143B-4864-B24F-1F72AF298CA7}.Release|Any CPU.Build.0 = Release|Any CPU
	EndGlobalSection
	GlobalSection(SolutionProperties) = preSolution
		HideSolutionNode = FALSE
	EndGlobalSection
	GlobalSection(ExtensibilityGlobals) = postSolution
		SolutionGuid = {53DB7FC1-95BB-4CBD-9DBD-824E4D1AFE7D}
	EndGlobalSection
EndGlobal
